{"is_source_file": false, "format": "", "description": "", "external_files": [], "external_methods": [], "published": [], "classes": [], "methods": [], "calls": [], "search-terms": [], "state": 2, "file_id": 12, "knowledge_revision": 27, "git_revision": "af51986841586d264415fbf17a7cb25b4eaf4082", "hash": "e9b4c3b42cef0193b7fddb548d37e652", "format-version": 4, "code-base-name": "default", "filename": "tic_tac_toe_duo/post_process_status.lock", "revision_history": [{"27": "af51986841586d264415fbf17a7cb25b4eaf4082"}]}